{
  "nodes": {
    "fenix": {
      "inputs": {
        "nixpkgs": [
          "nixpkgs"
        ],
        "rust-analyzer-src": "rust-analyzer-src"
      },
      "locked": {
        "lastModified": 1655360770,
        "narHash": "sha256-McgGUL3AqYL+mFtthSXC4ugWBqI/yXKId8wxpeBWsNY=",
        "owner": "nix-community",
        "repo": "fenix",
        "rev": "720b54260dee864d2a21745bd2bb55223f58e297",
        "type": "github"
      },
      "original": {
        "owner": "nix-community",
        "repo": "fenix",
        "type": "github"
      }
    },
    "nixpkgs": {
      "locked": {
        "lastModified": 1655306633,
        "narHash": "sha256-nv4FfWWV/dEelByjXJtJkoDPOHIsKfLq50RN3Hqq5Yk=",
        "owner": "NixOS",
        "repo": "nixpkgs",
        "rev": "b1957596ff1c7aa8c55c4512b7ad1c9672502e8e",
        "type": "github"
      },
      "original": {
        "id": "nixpkgs",
        "ref": "nixos-unstable",
        "type": "indirect"
      }
    },
    "root": {
      "inputs": {
        "fenix": "fenix",
        "nixpkgs": "nixpkgs",
        "utils": "utils"
      }
    },
    "rust-analyzer-src": {
      "flake": false,
      "locked": {
        "lastModified": 1655323297,
        "narHash": "sha256-PYcTKb/hpSTMytTbtVT6pWIw0SJmyXnqEWDkuRs/uqY=",
        "owner": "rust-lang",
        "repo": "rust-analyzer",
        "rev": "519d7484f3b1beb25dec9f2249adeaaa21033433",
        "type": "github"
      },
      "original": {
        "owner": "rust-lang",
        "ref": "nightly",
        "repo": "rust-analyzer",
        "type": "github"
      }
    },
    "utils": {
      "locked": {
        "lastModified": 1653893745,
        "narHash": "sha256-0jntwV3Z8//YwuOjzhV2sgJJPt+HY6KhU7VZUL0fKZQ=",
        "owner": "numtide",
        "repo": "flake-utils",
        "rev": "1ed9fb1935d260de5fe1c2f7ee0ebaae17ed2fa1",
        "type": "github"
      },
      "original": {
        "owner": "numtide",
        "repo": "flake-utils",
        "type": "github"
      }
    }
  },
  "root": "root",
  "version": 7
}
